// !$*UTF8*$!
{
	archiveVersion = 1;
	classes = {
	};
	objectVersion = 51;
	objects = {

/* Begin PBXBuildFile section */
		73C1630BB1AFB21E9475962F /* Pods_ESProductSearch.framework in Frameworks */ = {isa = PBXBuildFile; fileRef = 515AA5FEAF6E4DA2064F673E /* Pods_ESProductSearch.framework */; };
		E005A53E2280211B00BB62D3 /* RatingControl.swift in Sources */ = {isa = PBXBuildFile; fileRef = E005A53D2280211B00BB62D3 /* RatingControl.swift */; };
		E005A54022803C4800BB62D3 /* Product.swift in Sources */ = {isa = PBXBuildFile; fileRef = E005A53F22803C4800BB62D3 /* Product.swift */; };
		E005A54222803EB100BB62D3 /* ProductTableViewCell.swift in Sources */ = {isa = PBXBuildFile; fileRef = E005A54122803EB100BB62D3 /* ProductTableViewCell.swift */; };
		E005A5442280485C00BB62D3 /* ProductTableViewController.swift in Sources */ = {isa = PBXBuildFile; fileRef = E005A5432280485C00BB62D3 /* ProductTableViewController.swift */; };
		E086B54622789B4900815BF1 /* AppDelegate.swift in Sources */ = {isa = PBXBuildFile; fileRef = E086B54522789B4900815BF1 /* AppDelegate.swift */; };
		E086B54822789B4900815BF1 /* ProductViewController.swift in Sources */ = {isa = PBXBuildFile; fileRef = E086B54722789B4900815BF1 /* ProductViewController.swift */; };
		E086B54B22789B4900815BF1 /* Main.storyboard in Resources */ = {isa = PBXBuildFile; fileRef = E086B54922789B4900815BF1 /* Main.storyboard */; };
		E086B54D22789B4B00815BF1 /* Assets.xcassets in Resources */ = {isa = PBXBuildFile; fileRef = E086B54C22789B4B00815BF1 /* Assets.xcassets */; };
		E086B55022789B4B00815BF1 /* LaunchScreen.storyboard in Resources */ = {isa = PBXBuildFile; fileRef = E086B54E22789B4B00815BF1 /* LaunchScreen.storyboard */; };
		E086B55B22789B4B00815BF1 /* ESProductSearchTests.swift in Sources */ = {isa = PBXBuildFile; fileRef = E086B55A22789B4B00815BF1 /* ESProductSearchTests.swift */; };
/* End PBXBuildFile section */

/* Begin PBXContainerItemProxy section */
		E086B55722789B4B00815BF1 /* PBXContainerItemProxy */ = {
			isa = PBXContainerItemProxy;
			containerPortal = E086B53A22789B4900815BF1 /* Project object */;
			proxyType = 1;
			remoteGlobalIDString = E086B54122789B4900815BF1;
			remoteInfo = ESProductSearch;
		};
/* End PBXContainerItemProxy section */

/* Begin PBXFileReference section */
		515AA5FEAF6E4DA2064F673E /* Pods_ESProductSearch.framework */ = {isa = PBXFileReference; explicitFileType = wrapper.framework; includeInIndex = 0; path = Pods_ESProductSearch.framework; sourceTree = BUILT_PRODUCTS_DIR; };
		6F065998FB47E059B42F753F /* Pods-ESProductSearch.release.xcconfig */ = {isa = PBXFileReference; includeInIndex = 1; lastKnownFileType = text.xcconfig; name = "Pods-ESProductSearch.release.xcconfig"; path = "Target Support Files/Pods-ESProductSearch/Pods-ESProductSearch.release.xcconfig"; sourceTree = "<group>"; };
		7B74F5C78FD6BF97921C0E6D /* Pods-ESProductSearch.debug.xcconfig */ = {isa = PBXFileReference; includeInIndex = 1; lastKnownFileType = text.xcconfig; name = "Pods-ESProductSearch.debug.xcconfig"; path = "Target Support Files/Pods-ESProductSearch/Pods-ESProductSearch.debug.xcconfig"; sourceTree = "<group>"; };
		E005A53D2280211B00BB62D3 /* RatingControl.swift */ = {isa = PBXFileReference; lastKnownFileType = sourcecode.swift; path = RatingControl.swift; sourceTree = "<group>"; };
		E005A53F22803C4800BB62D3 /* Product.swift */ = {isa = PBXFileReference; lastKnownFileType = sourcecode.swift; path = Product.swift; sourceTree = "<group>"; };
		E005A54122803EB100BB62D3 /* ProductTableViewCell.swift */ = {isa = PBXFileReference; lastKnownFileType = sourcecode.swift; path = ProductTableViewCell.swift; sourceTree = "<group>"; };
		E005A5432280485C00BB62D3 /* ProductTableViewController.swift */ = {isa = PBXFileReference; lastKnownFileType = sourcecode.swift; path = ProductTableViewController.swift; sourceTree = "<group>"; };
		E086B54222789B4900815BF1 /* ESProductSearch.app */ = {isa = PBXFileReference; explicitFileType = wrapper.application; includeInIndex = 0; path = ESProductSearch.app; sourceTree = BUILT_PRODUCTS_DIR; };
		E086B54522789B4900815BF1 /* AppDelegate.swift */ = {isa = PBXFileReference; lastKnownFileType = sourcecode.swift; path = AppDelegate.swift; sourceTree = "<group>"; };
		E086B54722789B4900815BF1 /* ProductViewController.swift */ = {isa = PBXFileReference; lastKnownFileType = sourcecode.swift; path = ProductViewController.swift; sourceTree = "<group>"; };
		E086B54A22789B4900815BF1 /* Base */ = {isa = PBXFileReference; lastKnownFileType = file.storyboard; name = Base; path = Base.lproj/Main.storyboard; sourceTree = "<group>"; };
		E086B54C22789B4B00815BF1 /* Assets.xcassets */ = {isa = PBXFileReference; lastKnownFileType = folder.assetcatalog; path = Assets.xcassets; sourceTree = "<group>"; };
		E086B54F22789B4B00815BF1 /* Base */ = {isa = PBXFileReference; lastKnownFileType = file.storyboard; name = Base; path = Base.lproj/LaunchScreen.storyboard; sourceTree = "<group>"; };
		E086B55122789B4B00815BF1 /* Info.plist */ = {isa = PBXFileReference; lastKnownFileType = text.plist.xml; path = Info.plist; sourceTree = "<group>"; };
		E086B55622789B4B00815BF1 /* ESProductSearchTests.xctest */ = {isa = PBXFileReference; explicitFileType = wrapper.cfbundle; includeInIndex = 0; path = ESProductSearchTests.xctest; sourceTree = BUILT_PRODUCTS_DIR; };
		E086B55A22789B4B00815BF1 /* ESProductSearchTests.swift */ = {isa = PBXFileReference; lastKnownFileType = sourcecode.swift; path = ESProductSearchTests.swift; sourceTree = "<group>"; };
		E086B55C22789B4B00815BF1 /* Info.plist */ = {isa = PBXFileReference; lastKnownFileType = text.plist.xml; path = Info.plist; sourceTree = "<group>"; };
/* End PBXFileReference section */

/* Begin PBXFrameworksBuildPhase section */
		E086B53F22789B4900815BF1 /* Frameworks */ = {
			isa = PBXFrameworksBuildPhase;
			buildActionMask = 2147483647;
			files = (
				73C1630BB1AFB21E9475962F /* Pods_ESProductSearch.framework in Frameworks */,
			);
			runOnlyForDeploymentPostprocessing = 0;
		};
		E086B55322789B4B00815BF1 /* Frameworks */ = {
			isa = PBXFrameworksBuildPhase;
			buildActionMask = 2147483647;
			files = (
			);
			runOnlyForDeploymentPostprocessing = 0;
		};
/* End PBXFrameworksBuildPhase section */

/* Begin PBXGroup section */
		9D3D4771E420D7A1DF18A226 /* Frameworks */ = {
			isa = PBXGroup;
			children = (
				515AA5FEAF6E4DA2064F673E /* Pods_ESProductSearch.framework */,
			);
			name = Frameworks;
			sourceTree = "<group>";
		};
		E086B53922789B4900815BF1 = {
			isa = PBXGroup;
			children = (
				E086B54422789B4900815BF1 /* ESProductSearch */,
				E086B55922789B4B00815BF1 /* ESProductSearchTests */,
				E086B54322789B4900815BF1 /* Products */,
				E3F46CBF602C7B08D3188496 /* Pods */,
				9D3D4771E420D7A1DF18A226 /* Frameworks */,
			);
			sourceTree = "<group>";
		};
		E086B54322789B4900815BF1 /* Products */ = {
			isa = PBXGroup;
			children = (
				E086B54222789B4900815BF1 /* ESProductSearch.app */,
				E086B55622789B4B00815BF1 /* ESProductSearchTests.xctest */,
			);
			name = Products;
			sourceTree = "<group>";
		};
		E086B54422789B4900815BF1 /* ESProductSearch */ = {
			isa = PBXGroup;
			children = (
				E086B54522789B4900815BF1 /* AppDelegate.swift */,
				E086B54722789B4900815BF1 /* ProductViewController.swift */,
				E086B54922789B4900815BF1 /* Main.storyboard */,
				E005A5432280485C00BB62D3 /* ProductTableViewController.swift */,
				E005A54122803EB100BB62D3 /* ProductTableViewCell.swift */,
				E086B54C22789B4B00815BF1 /* Assets.xcassets */,
				E086B54E22789B4B00815BF1 /* LaunchScreen.storyboard */,
				E086B55122789B4B00815BF1 /* Info.plist */,
				E005A53D2280211B00BB62D3 /* RatingControl.swift */,
				E005A53F22803C4800BB62D3 /* Product.swift */,
			);
			path = ESProductSearch;
			sourceTree = "<group>";
		};
		E086B55922789B4B00815BF1 /* ESProductSearchTests */ = {
			isa = PBXGroup;
			children = (
				E086B55A22789B4B00815BF1 /* ESProductSearchTests.swift */,
				E086B55C22789B4B00815BF1 /* Info.plist */,
			);
			path = ESProductSearchTests;
			sourceTree = "<group>";
		};
		E3F46CBF602C7B08D3188496 /* Pods */ = {
			isa = PBXGroup;
			children = (
				7B74F5C78FD6BF97921C0E6D /* Pods-ESProductSearch.debug.xcconfig */,
				6F065998FB47E059B42F753F /* Pods-ESProductSearch.release.xcconfig */,
			);
			path = Pods;
			sourceTree = "<group>";
		};
/* End PBXGroup section */

/* Begin PBXNativeTarget section */
		E086B54122789B4900815BF1 /* ESProductSearch */ = {
			isa = PBXNativeTarget;
			buildConfigurationList = E086B55F22789B4B00815BF1 /* Build configuration list for PBXNativeTarget "ESProductSearch" */;
			buildPhases = (
				29E1279C46DC9E470D311032 /* [CP] Check Pods Manifest.lock */,
				E086B53E22789B4900815BF1 /* Sources */,
				E086B53F22789B4900815BF1 /* Frameworks */,
				E086B54022789B4900815BF1 /* Resources */,
				90E1E388F879F2FC9CD6FBA7 /* [CP] Embed Pods Frameworks */,
			);
			buildRules = (
			);
			dependencies = (
			);
			name = ESProductSearch;
			productName = ESProductSearch;
			productReference = E086B54222789B4900815BF1 /* ESProductSearch.app */;
			productType = "com.apple.product-type.application";
		};
		E086B55522789B4B00815BF1 /* ESProductSearchTests */ = {
			isa = PBXNativeTarget;
			buildConfigurationList = E086B56222789B4B00815BF1 /* Build configuration list for PBXNativeTarget "ESProductSearchTests" */;
			buildPhases = (
				E086B55222789B4B00815BF1 /* Sources */,
				E086B55322789B4B00815BF1 /* Frameworks */,
				E086B55422789B4B00815BF1 /* Resources */,
			);
			buildRules = (
			);
			dependencies = (
				E086B55822789B4B00815BF1 /* PBXTargetDependency */,
			);
			name = ESProductSearchTests;
			productName = ESProductSearchTests;
			productReference = E086B55622789B4B00815BF1 /* ESProductSearchTests.xctest */;
			productType = "com.apple.product-type.bundle.unit-test";
		};
/* End PBXNativeTarget section */

/* Begin PBXProject section */
		E086B53A22789B4900815BF1 /* Project object */ = {
			isa = PBXProject;
			attributes = {
				LastSwiftUpdateCheck = 1020;
				LastUpgradeCheck = 1020;
				ORGANIZATIONNAME = "Jolly Crisostomo";
				TargetAttributes = {
					E086B54122789B4900815BF1 = {
						CreatedOnToolsVersion = 10.2.1;
					};
					E086B55522789B4B00815BF1 = {
						CreatedOnToolsVersion = 10.2.1;
						TestTargetID = E086B54122789B4900815BF1;
					};
				};
			};
			buildConfigurationList = E086B53D22789B4900815BF1 /* Build configuration list for PBXProject "ESProductSearch" */;
			compatibilityVersion = "Xcode 9.3";
			developmentRegion = en;
			hasScannedForEncodings = 0;
			knownRegions = (
				en,
				Base,
			);
			mainGroup = E086B53922789B4900815BF1;
			productRefGroup = E086B54322789B4900815BF1 /* Products */;
			projectDirPath = "";
			projectRoot = "";
			targets = (
				E086B54122789B4900815BF1 /* ESProductSearch */,
				E086B55522789B4B00815BF1 /* ESProductSearchTests */,
			);
		};
/* End PBXProject section */

/* Begin PBXResourcesBuildPhase section */
		E086B54022789B4900815BF1 /* Resources */ = {
			isa = PBXResourcesBuildPhase;
			buildActionMask = 2147483647;
			files = (
				E086B55022789B4B00815BF1 /* LaunchScreen.storyboard in Resources */,
				E086B54D22789B4B00815BF1 /* Assets.xcassets in Resources */,
				E086B54B22789B4900815BF1 /* Main.storyboard in Resources */,
			);
			runOnlyForDeploymentPostprocessing = 0;
		};
		E086B55422789B4B00815BF1 /* Resources */ = {
			isa = PBXResourcesBuildPhase;
			buildActionMask = 2147483647;
			files = (
			);
			runOnlyForDeploymentPostprocessing = 0;
		};
/* End PBXResourcesBuildPhase section */

/* Begin PBXShellScriptBuildPhase section */
		29E1279C46DC9E470D311032 /* [CP] Check Pods Manifest.lock */ = {
			isa = PBXShellScriptBuildPhase;
			buildActionMask = 2147483647;
			files = (
			);
			inputFileListPaths = (
			);
			inputPaths = (
				"${PODS_PODFILE_DIR_PATH}/Podfile.lock",
				"${PODS_ROOT}/Manifest.lock",
			);
			name = "[CP] Check Pods Manifest.lock";
			outputFileListPaths = (
			);
			outputPaths = (
				"$(DERIVED_FILE_DIR)/Pods-ESProductSearch-checkManifestLockResult.txt",
			);
			runOnlyForDeploymentPostprocessing = 0;
			shellPath = /bin/sh;
			shellScript = "diff \"${PODS_PODFILE_DIR_PATH}/Podfile.lock\" \"${PODS_ROOT}/Manifest.lock\" > /dev/null\nif [ $? != 0 ] ; then\n    # print error to STDERR\n    echo \"error: The sandbox is not in sync with the Podfile.lock. Run 'pod install' or update your CocoaPods installation.\" >&2\n    exit 1\nfi\n# This output is used by Xcode 'outputs' to avoid re-running this script phase.\necho \"SUCCESS\" > \"${SCRIPT_OUTPUT_FILE_0}\"\n";
			showEnvVarsInLog = 0;
		};
		90E1E388F879F2FC9CD6FBA7 /* [CP] Embed Pods Frameworks */ = {
			isa = PBXShellScriptBuildPhase;
			buildActionMask = 2147483647;
			files = (
			);
			inputFileListPaths = (
				"${PODS_ROOT}/Target Support Files/Pods-ESProductSearch/Pods-ESProductSearch-frameworks-${CONFIGURATION}-input-files.xcfilelist",
			);
			name = "[CP] Embed Pods Frameworks";
			outputFileListPaths = (
				"${PODS_ROOT}/Target Support Files/Pods-ESProductSearch/Pods-ESProductSearch-frameworks-${CONFIGURATION}-output-files.xcfilelist",
			);
			runOnlyForDeploymentPostprocessing = 0;
			shellPath = /bin/sh;
			shellScript = "\"${PODS_ROOT}/Target Support Files/Pods-ESProductSearch/Pods-ESProductSearch-frameworks.sh\"\n";
			showEnvVarsInLog = 0;
		};
/* End PBXShellScriptBuildPhase section */

/* Begin PBXSourcesBuildPhase section */
		E086B53E22789B4900815BF1 /* Sources */ = {
			isa = PBXSourcesBuildPhase;
			buildActionMask = 2147483647;
			files = (
				E086B54822789B4900815BF1 /* ProductViewController.swift in Sources */,
				E005A54022803C4800BB62D3 /* Product.swift in Sources */,
				E005A54222803EB100BB62D3 /* ProductTableViewCell.swift in Sources */,
				E005A53E2280211B00BB62D3 /* RatingControl.swift in Sources */,
				E005A5442280485C00BB62D3 /* ProductTableViewController.swift in Sources */,
				E086B54622789B4900815BF1 /* AppDelegate.swift in Sources */,
			);
			runOnlyForDeploymentPostprocessing = 0;
		};
		E086B55222789B4B00815BF1 /* Sources */ = {
			isa = PBXSourcesBuildPhase;
			buildActionMask = 2147483647;
			files = (
				E086B55B22789B4B00815BF1 /* ESProductSearchTests.swift in Sources */,
			);
			runOnlyForDeploymentPostprocessing = 0;
		};
/* End PBXSourcesBuildPhase section */

/* Begin PBXTargetDependency section */
		E086B55822789B4B00815BF1 /* PBXTargetDependency */ = {
			isa = PBXTargetDependency;
			target = E086B54122789B4900815BF1 /* ESProductSearch */;
			targetProxy = E086B55722789B4B00815BF1 /* PBXContainerItemProxy */;
		};
/* End PBXTargetDependency section */

/* Begin PBXVariantGroup section */
		E086B54922789B4900815BF1 /* Main.storyboard */ = {
			isa = PBXVariantGroup;
			children = (
				E086B54A22789B4900815BF1 /* Base */,
			);
			name = Main.storyboard;
			sourceTree = "<group>";
		};
		E086B54E22789B4B00815BF1 /* LaunchScreen.storyboard */ = {
			isa = PBXVariantGroup;
			children = (
				E086B54F22789B4B00815BF1 /* Base */,
			);
			name = LaunchScreen.storyboard;
			sourceTree = "<group>";
		};
/* End PBXVariantGroup section */

/* Begin XCBuildConfiguration section */
		E086B55D22789B4B00815BF1 /* Debug */ = {
			isa = XCBuildConfiguration;
			buildSettings = {
				ALWAYS_SEARCH_USER_PATHS = NO;
				CLANG_ANALYZER_NONNULL = YES;
				CLANG_ANALYZER_NUMBER_OBJECT_CONVERSION = YES_AGGRESSIVE;
				CLANG_CXX_LANGUAGE_STANDARD = "gnu++14";
				CLANG_CXX_LIBRARY = "libc++";
				CLANG_ENABLE_MODULES = YES;
				CLANG_ENABLE_OBJC_ARC = YES;
				CLANG_ENABLE_OBJC_WEAK = YES;
				CLANG_WARN_BLOCK_CAPTURE_AUTORELEASING = YES;
				CLANG_WARN_BOOL_CONVERSION = YES;
				CLANG_WARN_COMMA = YES;
				CLANG_WARN_CONSTANT_CONVERSION = YES;
				CLANG_WARN_DEPRECATED_OBJC_IMPLEMENTATIONS = YES;
				CLANG_WARN_DIRECT_OBJC_ISA_USAGE = YES_ERROR;
				CLANG_WARN_DOCUMENTATION_COMMENTS = YES;
				CLANG_WARN_EMPTY_BODY = YES;
				CLANG_WARN_ENUM_CONVERSION = YES;
				CLANG_WARN_INFINITE_RECURSION = YES;
				CLANG_WARN_INT_CONVERSION = YES;
				CLANG_WARN_NON_LITERAL_NULL_CONVERSION = YES;
				CLANG_WARN_OBJC_IMPLICIT_RETAIN_SELF = YES;
				CLANG_WARN_OBJC_LITERAL_CONVERSION = YES;
				CLANG_WARN_OBJC_ROOT_CLASS = YES_ERROR;
				CLANG_WARN_RANGE_LOOP_ANALYSIS = YES;
				CLANG_WARN_STRICT_PROTOTYPES = YES;
				CLANG_WARN_SUSPICIOUS_MOVE = YES;
				CLANG_WARN_UNGUARDED_AVAILABILITY = YES_AGGRESSIVE;
				CLANG_WARN_UNREACHABLE_CODE = YES;
				CLANG_WARN__DUPLICATE_METHOD_MATCH = YES;
				CODE_SIGN_IDENTITY = "iPhone Developer";
				COPY_PHASE_STRIP = NO;
				DEBUG_INFORMATION_FORMAT = dwarf;
				ENABLE_STRICT_OBJC_MSGSEND = YES;
				ENABLE_TESTABILITY = YES;
				GCC_C_LANGUAGE_STANDARD = gnu11;
				GCC_DYNAMIC_NO_PIC = NO;
				GCC_NO_COMMON_BLOCKS = YES;
				GCC_OPTIMIZATION_LEVEL = 0;
				GCC_PREPROCESSOR_DEFINITIONS = (
					"DEBUG=1",
					"$(inherited)",
				);
				GCC_WARN_64_TO_32_BIT_CONVERSION = YES;
				GCC_WARN_ABOUT_RETURN_TYPE = YES_ERROR;
				GCC_WARN_UNDECLARED_SELECTOR = YES;
				GCC_WARN_UNINITIALIZED_AUTOS = YES_AGGRESSIVE;
				GCC_WARN_UNUSED_FUNCTION = YES;
				GCC_WARN_UNUSED_VARIABLE = YES;
				IPHONEOS_DEPLOYMENT_TARGET = 12.2;
				MTL_ENABLE_DEBUG_INFO = INCLUDE_SOURCE;
				MTL_FAST_MATH = YES;
				ONLY_ACTIVE_ARCH = YES;
				SDKROOT = iphoneos;
				SWIFT_ACTIVE_COMPILATION_CONDITIONS = DEBUG;
				SWIFT_OPTIMIZATION_LEVEL = "-Onone";
			};
			name = Debug;
		};
		E086B55E22789B4B00815BF1 /* Release */ = {
			isa = XCBuildConfiguration;
			buildSettings = {
				ALWAYS_SEARCH_USER_PATHS = NO;
				CLANG_ANALYZER_NONNULL = YES;
				CLANG_ANALYZER_NUMBER_OBJECT_CONVERSION = YES_AGGRESSIVE;
				CLANG_CXX_LANGUAGE_STANDARD = "gnu++14";
				CLANG_CXX_LIBRARY = "libc++";
				CLANG_ENABLE_MODULES = YES;
				CLANG_ENABLE_OBJC_ARC = YES;
				CLANG_ENABLE_OBJC_WEAK = YES;
				CLANG_WARN_BLOCK_CAPTURE_AUTORELEASING = YES;
				CLANG_WARN_BOOL_CONVERSION = YES;
				CLANG_WARN_COMMA = YES;
				CLANG_WARN_CONSTANT_CONVERSION = YES;
				CLANG_WARN_DEPRECATED_OBJC_IMPLEMENTATIONS = YES;
				CLANG_WARN_DIRECT_OBJC_ISA_USAGE = YES_ERROR;
				CLANG_WARN_DOCUMENTATION_COMMENTS = YES;
				CLANG_WARN_EMPTY_BODY = YES;
				CLANG_WARN_ENUM_CONVERSION = YES;
				CLANG_WARN_INFINITE_RECURSION = YES;
				CLANG_WARN_INT_CONVERSION = YES;
				CLANG_WARN_NON_LITERAL_NULL_CONVERSION = YES;
				CLANG_WARN_OBJC_IMPLICIT_RETAIN_SELF = YES;
				CLANG_WARN_OBJC_LITERAL_CONVERSION = YES;
				CLANG_WARN_OBJC_ROOT_CLASS = YES_ERROR;
				CLANG_WARN_RANGE_LOOP_ANALYSIS = YES;
				CLANG_WARN_STRICT_PROTOTYPES = YES;
				CLANG_WARN_SUSPICIOUS_MOVE = YES;
				CLANG_WARN_UNGUARDED_AVAILABILITY = YES_AGGRESSIVE;
				CLANG_WARN_UNREACHABLE_CODE = YES;
				CLANG_WARN__DUPLICATE_METHOD_MATCH = YES;
				CODE_SIGN_IDENTITY = "iPhone Developer";
				COPY_PHASE_STRIP = NO;
				DEBUG_INFORMATION_FORMAT = "dwarf-with-dsym";
				ENABLE_NS_ASSERTIONS = NO;
				ENABLE_STRICT_OBJC_MSGSEND = YES;
				GCC_C_LANGUAGE_STANDARD = gnu11;
				GCC_NO_COMMON_BLOCKS = YES;
				GCC_WARN_64_TO_32_BIT_CONVERSION = YES;
				GCC_WARN_ABOUT_RETURN_TYPE = YES_ERROR;
				GCC_WARN_UNDECLARED_SELECTOR = YES;
				GCC_WARN_UNINITIALIZED_AUTOS = YES_AGGRESSIVE;
				GCC_WARN_UNUSED_FUNCTION = YES;
				GCC_WARN_UNUSED_VARIABLE = YES;
				IPHONEOS_DEPLOYMENT_TARGET = 12.2;
				MTL_ENABLE_DEBUG_INFO = NO;
				MTL_FAST_MATH = YES;
				SDKROOT = iphoneos;
				SWIFT_COMPILATION_MODE = wholemodule;
				SWIFT_OPTIMIZATION_LEVEL = "-O";
				VALIDATE_PRODUCT = YES;
			};
			name = Release;
		};
		E086B56022789B4B00815BF1 /* Debug */ = {
			isa = XCBuildConfiguration;
			baseConfigurationReference = 7B74F5C78FD6BF97921C0E6D /* Pods-ESProductSearch.debug.xcconfig */;
			buildSettings = {
				ASSETCATALOG_COMPILER_APPICON_NAME = AppIcon;
				CODE_SIGN_STYLE = Automatic;
				DEVELOPMENT_TEAM = Q7RGW936LS;
				INFOPLIST_FILE = ESProductSearch/Info.plist;
				IPHONEOS_DEPLOYMENT_TARGET = 11.2;
				LD_RUNPATH_SEARCH_PATHS = (
					"$(inherited)",
					"@executable_path/Frameworks",
				);
				PRODUCT_BUNDLE_IDENTIFIER = com.ikatamu.ESProductSearch;
				PRODUCT_NAME = "$(TARGET_NAME)";
				SWIFT_VERSION = 5.0;
				TARGETED_DEVICE_FAMILY = "1,2";
			};
			name = Debug;
		};
		E086B56122789B4B00815BF1 /* Release */ = {
			isa = XCBuildConfiguration;
			baseConfigurationReference = 6F065998FB47E059B42F753F /* Pods-ESProductSearch.release.xcconfig */;
			buildSettings = {
				ASSETCATALOG_COMPILER_APPICON_NAME = AppIcon;
				CODE_SIGN_STYLE = Automatic;
				DEVELOPMENT_TEAM = Q7RGW936LS;
				INFOPLIST_FILE = ESProductSearch/Info.plist;
				IPHONEOS_DEPLOYMENT_TARGET = 11.2;
				LD_RUNPATH_SEARCH_PATHS = (
					"$(inherited)",
					"@executable_path/Frameworks",
				);
				PRODUCT_BUNDLE_IDENTIFIER = com.ikatamu.ESProductSearch;
				PRODUCT_NAME = "$(TARGET_NAME)";
				SWIFT_VERSION = 5.0;
				TARGETED_DEVICE_FAMILY = "1,2";
			};
			name = Release;
		};
		E086B56322789B4B00815BF1 /* Debug */ = {
			isa = XCBuildConfiguration;
			buildSettings = {
				ALWAYS_EMBED_SWIFT_STANDARD_LIBRARIES = YES;
				BUNDLE_LOADER = "$(TEST_HOST)";
				CODE_SIGN_STYLE = Automatic;
				INFOPLIST_FILE = ESProductSearchTests/Info.plist;
				LD_RUNPATH_SEARCH_PATHS = (
					"$(inherited)",
					"@executable_path/Frameworks",
					"@loader_path/Frameworks",
				);
				PRODUCT_BUNDLE_IDENTIFIER = com.ikatamu.ESProductSearchTests;
				PRODUCT_NAME = "$(TARGET_NAME)";
				SWIFT_VERSION = 5.0;
				TARGETED_DEVICE_FAMILY = "1,2";
				TEST_HOST = "$(BUILT_PRODUCTS_DIR)/ESProductSearch.app/ESProductSearch";
			};
			name = Debug;
		};
		E086B56422789B4B00815BF1 /* Release */ = {
			isa = XCBuildConfiguration;
			buildSettings = {
				ALWAYS_EMBED_SWIFT_STANDARD_LIBRARIES = YES;
				BUNDLE_LOADER = "$(TEST_HOST)";
				CODE_SIGN_STYLE = Automatic;
				INFOPLIST_FILE = ESProductSearchTests/Info.plist;
				LD_RUNPATH_SEARCH_PATHS = (
					"$(inherited)",
					"@executable_path/Frameworks",
					"@loader_path/Frameworks",
				);
				PRODUCT_BUNDLE_IDENTIFIER = com.ikatamu.ESProductSearchTests;
				PRODUCT_NAME = "$(TARGET_NAME)";
				SWIFT_VERSION = 5.0;
				TARGETED_DEVICE_FAMILY = "1,2";
				TEST_HOST = "$(BUILT_PRODUCTS_DIR)/ESProductSearch.app/ESProductSearch";
			};
			name = Release;
		};
/* End XCBuildConfiguration section */

/* Begin XCConfigurationList section */
		E086B53D22789B4900815BF1 /* Build configuration list for PBXProject "ESProductSearch" */ = {
			isa = XCConfigurationList;
			buildConfigurations = (
				E086B55D22789B4B00815BF1 /* Debug */,
				E086B55E22789B4B00815BF1 /* Release */,
			);
			defaultConfigurationIsVisible = 0;
			defaultConfigurationName = Release;
		};
		E086B55F22789B4B00815BF1 /* Build configuration list for PBXNativeTarget "ESProductSearch" */ = {
			isa = XCConfigurationList;
			buildConfigurations = (
				E086B56022789B4B00815BF1 /* Debug */,
				E086B56122789B4B00815BF1 /* Release */,
			);
			defaultConfigurationIsVisible = 0;
			defaultConfigurationName = Release;
		};
		E086B56222789B4B00815BF1 /* Build configuration list for PBXNativeTarget "ESProductSearchTests" */ = {
			isa = XCConfigurationList;
			buildConfigurations = (
				E086B56322789B4B00815BF1 /* Debug */,
				E086B56422789B4B00815BF1 /* Release */,
			);
			defaultConfigurationIsVisible = 0;
			defaultConfigurationName = Release;
		};
/* End XCConfigurationList section */
	};
	rootObject = E086B53A22789B4900815BF1 /* Project object */;
}
